// !$*UTF8*$!
{
	archiveVersion = 1;
	classes = {
	};
	objectVersion = 56;
	objects = {

/* Begin PBXBuildFile section */
		A43225C2298F1404002345C0 /* LoginView.swift in Sources */ = {isa = PBXBuildFile; fileRef = A43225C1298F1404002345C0 /* LoginView.swift */; };
		A43225C4298F272A002345C0 /* userModel.swift in Sources */ = {isa = PBXBuildFile; fileRef = A43225C3298F272A002345C0 /* userModel.swift */; };
		A43225C6298F2914002345C0 /* SignUpView.swift in Sources */ = {isa = PBXBuildFile; fileRef = A43225C5298F2914002345C0 /* SignUpView.swift */; };
		A4379BFE297F6CFF00D6D8FE /* SideBarNavigationManager.swift in Sources */ = {isa = PBXBuildFile; fileRef = A4379BFC297F6CFF00D6D8FE /* SideBarNavigationManager.swift */; };
		A4379BFF297F6CFF00D6D8FE /* SideBar.swift in Sources */ = {isa = PBXBuildFile; fileRef = A4379BFD297F6CFF00D6D8FE /* SideBar.swift */; };
		A4379C07297F6FF400D6D8FE /* HomeView.swift in Sources */ = {isa = PBXBuildFile; fileRef = A4379C06297F6FF400D6D8FE /* HomeView.swift */; };
		A47828ED2985F3ED0086F9F0 /* ViewListingView.swift in Sources */ = {isa = PBXBuildFile; fileRef = A47828EC2985F3ED0086F9F0 /* ViewListingView.swift */; };
		A491A462299065320069008D /* LoginLoadingView.swift in Sources */ = {isa = PBXBuildFile; fileRef = A491A461299065320069008D /* LoginLoadingView.swift */; };
		A4D32EF22973A1F600EF829A /* iosVolunteerApp.swift in Sources */ = {isa = PBXBuildFile; fileRef = A4D32EF12973A1F600EF829A /* iosVolunteerApp.swift */; };
		A4D32EF42973A1F600EF829A /* ContentView.swift in Sources */ = {isa = PBXBuildFile; fileRef = A4D32EF32973A1F600EF829A /* ContentView.swift */; };
		A4D32EF62973A1FD00EF829A /* Assets.xcassets in Resources */ = {isa = PBXBuildFile; fileRef = A4D32EF52973A1FD00EF829A /* Assets.xcassets */; };
		A4D32EF92973A1FD00EF829A /* Preview Assets.xcassets in Resources */ = {isa = PBXBuildFile; fileRef = A4D32EF82973A1FD00EF829A /* Preview Assets.xcassets */; };
		A4ED83CE297F7C0C00C4B860 /* GoogleService-Info.plist in Resources */ = {isa = PBXBuildFile; fileRef = A4ED83CD297F7C0C00C4B860 /* GoogleService-Info.plist */; };
		A4ED83D1297F7D8D00C4B860 /* FirebaseAnalytics in Frameworks */ = {isa = PBXBuildFile; productRef = A4ED83D0297F7D8D00C4B860 /* FirebaseAnalytics */; };
		A4ED83D3297F7D8D00C4B860 /* FirebaseAuth in Frameworks */ = {isa = PBXBuildFile; productRef = A4ED83D2297F7D8D00C4B860 /* FirebaseAuth */; };
		A4ED83D5297F7D8D00C4B860 /* FirebaseFirestore in Frameworks */ = {isa = PBXBuildFile; productRef = A4ED83D4297F7D8D00C4B860 /* FirebaseFirestore */; };
		A4ED83D7297F7D8D00C4B860 /* FirebaseStorage in Frameworks */ = {isa = PBXBuildFile; productRef = A4ED83D6297F7D8D00C4B860 /* FirebaseStorage */; };
		A4ED83D9297F86ED00C4B860 /* listingsModel.swift in Sources */ = {isa = PBXBuildFile; fileRef = A4ED83D8297F86ED00C4B860 /* listingsModel.swift */; };
		A4ED83DC297F8AD400C4B860 /* FirestoreManager.swift in Sources */ = {isa = PBXBuildFile; fileRef = A4ED83DB297F8AD300C4B860 /* FirestoreManager.swift */; };
/* End PBXBuildFile section */

/* Begin PBXFileReference section */
		A43225C1298F1404002345C0 /* LoginView.swift */ = {isa = PBXFileReference; lastKnownFileType = sourcecode.swift; path = LoginView.swift; sourceTree = "<group>"; };
		A43225C3298F272A002345C0 /* userModel.swift */ = {isa = PBXFileReference; lastKnownFileType = sourcecode.swift; path = userModel.swift; sourceTree = "<group>"; };
		A43225C5298F2914002345C0 /* SignUpView.swift */ = {isa = PBXFileReference; lastKnownFileType = sourcecode.swift; path = SignUpView.swift; sourceTree = "<group>"; };
		A4379BFC297F6CFF00D6D8FE /* SideBarNavigationManager.swift */ = {isa = PBXFileReference; fileEncoding = 4; lastKnownFileType = sourcecode.swift; path = SideBarNavigationManager.swift; sourceTree = "<group>"; };
		A4379BFD297F6CFF00D6D8FE /* SideBar.swift */ = {isa = PBXFileReference; fileEncoding = 4; lastKnownFileType = sourcecode.swift; path = SideBar.swift; sourceTree = "<group>"; };
		A4379C06297F6FF400D6D8FE /* HomeView.swift */ = {isa = PBXFileReference; lastKnownFileType = sourcecode.swift; path = HomeView.swift; sourceTree = "<group>"; };
		A47828EC2985F3ED0086F9F0 /* ViewListingView.swift */ = {isa = PBXFileReference; lastKnownFileType = sourcecode.swift; path = ViewListingView.swift; sourceTree = "<group>"; };
		A491A461299065320069008D /* LoginLoadingView.swift */ = {isa = PBXFileReference; lastKnownFileType = sourcecode.swift; path = LoginLoadingView.swift; sourceTree = "<group>"; };
		A4D32EEE2973A1F600EF829A /* iosVolunteer.app */ = {isa = PBXFileReference; explicitFileType = wrapper.application; includeInIndex = 0; path = iosVolunteer.app; sourceTree = BUILT_PRODUCTS_DIR; };
		A4D32EF12973A1F600EF829A /* iosVolunteerApp.swift */ = {isa = PBXFileReference; lastKnownFileType = sourcecode.swift; path = iosVolunteerApp.swift; sourceTree = "<group>"; };
		A4D32EF32973A1F600EF829A /* ContentView.swift */ = {isa = PBXFileReference; lastKnownFileType = sourcecode.swift; path = ContentView.swift; sourceTree = "<group>"; };
		A4D32EF52973A1FD00EF829A /* Assets.xcassets */ = {isa = PBXFileReference; lastKnownFileType = folder.assetcatalog; path = Assets.xcassets; sourceTree = "<group>"; };
		A4D32EF82973A1FD00EF829A /* Preview Assets.xcassets */ = {isa = PBXFileReference; lastKnownFileType = folder.assetcatalog; path = "Preview Assets.xcassets"; sourceTree = "<group>"; };
		A4ED83CD297F7C0C00C4B860 /* GoogleService-Info.plist */ = {isa = PBXFileReference; fileEncoding = 4; lastKnownFileType = text.plist.xml; path = "GoogleService-Info.plist"; sourceTree = "<group>"; };
		A4ED83D8297F86ED00C4B860 /* listingsModel.swift */ = {isa = PBXFileReference; lastKnownFileType = sourcecode.swift; path = listingsModel.swift; sourceTree = "<group>"; };
		A4ED83DB297F8AD300C4B860 /* FirestoreManager.swift */ = {isa = PBXFileReference; lastKnownFileType = sourcecode.swift; path = FirestoreManager.swift; sourceTree = "<group>"; };
/* End PBXFileReference section */

/* Begin PBXFrameworksBuildPhase section */
		A4D32EEB2973A1F600EF829A /* Frameworks */ = {
			isa = PBXFrameworksBuildPhase;
			buildActionMask = 2147483647;
			files = (
				A4ED83D1297F7D8D00C4B860 /* FirebaseAnalytics in Frameworks */,
				A4ED83D7297F7D8D00C4B860 /* FirebaseStorage in Frameworks */,
				A4ED83D3297F7D8D00C4B860 /* FirebaseAuth in Frameworks */,
				A4ED83D5297F7D8D00C4B860 /* FirebaseFirestore in Frameworks */,
			);
			runOnlyForDeploymentPostprocessing = 0;
		};
/* End PBXFrameworksBuildPhase section */

/* Begin PBXGroup section */
		A42437AC297F6AE700D121D0 /* models */ = {
			isa = PBXGroup;
			children = (
				A4ED83D8297F86ED00C4B860 /* listingsModel.swift */,
				A43225C3298F272A002345C0 /* userModel.swift */,
			);
			path = models;
			sourceTree = "<group>";
		};
		A42437AE297F6B0C00D121D0 /* views */ = {
			isa = PBXGroup;
			children = (
				A4379C05297F6FDE00D6D8FE /* screens */,
				A42437AF297F6B3400D121D0 /* navigation */,
			);
			path = views;
			sourceTree = "<group>";
		};
		A42437AF297F6B3400D121D0 /* navigation */ = {
			isa = PBXGroup;
			children = (
				A4379BFD297F6CFF00D6D8FE /* SideBar.swift */,
				A4379BFC297F6CFF00D6D8FE /* SideBarNavigationManager.swift */,
			);
			path = navigation;
			sourceTree = "<group>";
		};
		A4379C05297F6FDE00D6D8FE /* screens */ = {
			isa = PBXGroup;
			children = (
				A4379C06297F6FF400D6D8FE /* HomeView.swift */,
				A47828EC2985F3ED0086F9F0 /* ViewListingView.swift */,
				A43225C1298F1404002345C0 /* LoginView.swift */,
				A43225C5298F2914002345C0 /* SignUpView.swift */,
				A491A461299065320069008D /* LoginLoadingView.swift */,
			);
			path = screens;
			sourceTree = "<group>";
		};
		A4D32EE52973A1F600EF829A = {
			isa = PBXGroup;
			children = (
				A4D32EF02973A1F600EF829A /* iosVolunteerApp */,
				A4D32EEF2973A1F600EF829A /* Products */,
			);
			sourceTree = "<group>";
		};
		A4D32EEF2973A1F600EF829A /* Products */ = {
			isa = PBXGroup;
			children = (
				A4D32EEE2973A1F600EF829A /* iosVolunteer.app */,
			);
			name = Products;
			sourceTree = "<group>";
		};
		A4D32EF02973A1F600EF829A /* iosVolunteerApp */ = {
			isa = PBXGroup;
			children = (
				A4ED83DA297F8A7400C4B860 /* data */,
				A4ED83CD297F7C0C00C4B860 /* GoogleService-Info.plist */,
				A42437AE297F6B0C00D121D0 /* views */,
				A42437AC297F6AE700D121D0 /* models */,
				A4D32EF12973A1F600EF829A /* iosVolunteerApp.swift */,
				A4D32EF32973A1F600EF829A /* ContentView.swift */,
				A4D32EF52973A1FD00EF829A /* Assets.xcassets */,
				A4D32EF72973A1FD00EF829A /* Preview Content */,
			);
			path = iosVolunteerApp;
			sourceTree = "<group>";
		};
		A4D32EF72973A1FD00EF829A /* Preview Content */ = {
			isa = PBXGroup;
			children = (
				A4D32EF82973A1FD00EF829A /* Preview Assets.xcassets */,
			);
			path = "Preview Content";
			sourceTree = "<group>";
		};
		A4ED83DA297F8A7400C4B860 /* data */ = {
			isa = PBXGroup;
			children = (
				A4ED83DB297F8AD300C4B860 /* FirestoreManager.swift */,
			);
			path = data;
			sourceTree = "<group>";
		};
/* End PBXGroup section */

/* Begin PBXNativeTarget section */
		A4D32EED2973A1F600EF829A /* iosVolunteer */ = {
			isa = PBXNativeTarget;
			buildConfigurationList = A4D32EFC2973A1FD00EF829A /* Build configuration list for PBXNativeTarget "iosVolunteer" */;
			buildPhases = (
				A4D32EEA2973A1F600EF829A /* Sources */,
				A4D32EEB2973A1F600EF829A /* Frameworks */,
				A4D32EEC2973A1F600EF829A /* Resources */,
			);
			buildRules = (
			);
			dependencies = (
			);
			name = iosVolunteer;
			packageProductDependencies = (
				A4ED83D0297F7D8D00C4B860 /* FirebaseAnalytics */,
				A4ED83D2297F7D8D00C4B860 /* FirebaseAuth */,
				A4ED83D4297F7D8D00C4B860 /* FirebaseFirestore */,
				A4ED83D6297F7D8D00C4B860 /* FirebaseStorage */,
			);
			productName = iosVolunteerApp;
			productReference = A4D32EEE2973A1F600EF829A /* iosVolunteer.app */;
			productType = "com.apple.product-type.application";
		};
/* End PBXNativeTarget section */

/* Begin PBXProject section */
		A4D32EE62973A1F600EF829A /* Project object */ = {
			isa = PBXProject;
			attributes = {
				BuildIndependentTargetsInParallel = 1;
				LastSwiftUpdateCheck = 1420;
				LastUpgradeCheck = 1420;
				TargetAttributes = {
					A4D32EED2973A1F600EF829A = {
						CreatedOnToolsVersion = 14.2;
					};
				};
			};
			buildConfigurationList = A4D32EE92973A1F600EF829A /* Build configuration list for PBXProject "iosVolunteer" */;
			compatibilityVersion = "Xcode 14.0";
			developmentRegion = en;
			hasScannedForEncodings = 0;
			knownRegions = (
				en,
				Base,
			);
			mainGroup = A4D32EE52973A1F600EF829A;
			packageReferences = (
				A4ED83CF297F7D8D00C4B860 /* XCRemoteSwiftPackageReference "firebase-ios-sdk" */,
			);
			productRefGroup = A4D32EEF2973A1F600EF829A /* Products */;
			projectDirPath = "";
			projectRoot = "";
			targets = (
				A4D32EED2973A1F600EF829A /* iosVolunteer */,
			);
		};
/* End PBXProject section */

/* Begin PBXResourcesBuildPhase section */
		A4D32EEC2973A1F600EF829A /* Resources */ = {
			isa = PBXResourcesBuildPhase;
			buildActionMask = 2147483647;
			files = (
				A4D32EF92973A1FD00EF829A /* Preview Assets.xcassets in Resources */,
				A4D32EF62973A1FD00EF829A /* Assets.xcassets in Resources */,
				A4ED83CE297F7C0C00C4B860 /* GoogleService-Info.plist in Resources */,
			);
			runOnlyForDeploymentPostprocessing = 0;
		};
/* End PBXResourcesBuildPhase section */

/* Begin PBXSourcesBuildPhase section */
		A4D32EEA2973A1F600EF829A /* Sources */ = {
			isa = PBXSourcesBuildPhase;
			buildActionMask = 2147483647;
			files = (
				A47828ED2985F3ED0086F9F0 /* ViewListingView.swift in Sources */,
				A4ED83D9297F86ED00C4B860 /* listingsModel.swift in Sources */,
				A43225C4298F272A002345C0 /* userModel.swift in Sources */,
				A491A462299065320069008D /* LoginLoadingView.swift in Sources */,
				A4ED83DC297F8AD400C4B860 /* FirestoreManager.swift in Sources */,
				A43225C2298F1404002345C0 /* LoginView.swift in Sources */,
				A43225C6298F2914002345C0 /* SignUpView.swift in Sources */,
				A4D32EF42973A1F600EF829A /* ContentView.swift in Sources */,
				A4D32EF22973A1F600EF829A /* iosVolunteerApp.swift in Sources */,
				A4379C07297F6FF400D6D8FE /* HomeView.swift in Sources */,
				A4379BFF297F6CFF00D6D8FE /* SideBar.swift in Sources */,
				A4379BFE297F6CFF00D6D8FE /* SideBarNavigationManager.swift in Sources */,
			);
			runOnlyForDeploymentPostprocessing = 0;
		};
/* End PBXSourcesBuildPhase section */

/* Begin XCBuildConfiguration section */
		A4D32EFA2973A1FD00EF829A /* Debug */ = {
			isa = XCBuildConfiguration;
			buildSettings = {
				ALWAYS_SEARCH_USER_PATHS = NO;
				CLANG_ANALYZER_NONNULL = YES;
				CLANG_ANALYZER_NUMBER_OBJECT_CONVERSION = YES_AGGRESSIVE;
				CLANG_CXX_LANGUAGE_STANDARD = "gnu++20";
				CLANG_ENABLE_MODULES = YES;
				CLANG_ENABLE_OBJC_ARC = YES;
				CLANG_ENABLE_OBJC_WEAK = YES;
				CLANG_WARN_BLOCK_CAPTURE_AUTORELEASING = YES;
				CLANG_WARN_BOOL_CONVERSION = YES;
				CLANG_WARN_COMMA = YES;
				CLANG_WARN_CONSTANT_CONVERSION = YES;
				CLANG_WARN_DEPRECATED_OBJC_IMPLEMENTATIONS = YES;
				CLANG_WARN_DIRECT_OBJC_ISA_USAGE = YES_ERROR;
				CLANG_WARN_DOCUMENTATION_COMMENTS = YES;
				CLANG_WARN_EMPTY_BODY = YES;
				CLANG_WARN_ENUM_CONVERSION = YES;
				CLANG_WARN_INFINITE_RECURSION = YES;
				CLANG_WARN_INT_CONVERSION = YES;
				CLANG_WARN_NON_LITERAL_NULL_CONVERSION = YES;
				CLANG_WARN_OBJC_IMPLICIT_RETAIN_SELF = YES;
				CLANG_WARN_OBJC_LITERAL_CONVERSION = YES;
				CLANG_WARN_OBJC_ROOT_CLASS = YES_ERROR;
				CLANG_WARN_QUOTED_INCLUDE_IN_FRAMEWORK_HEADER = YES;
				CLANG_WARN_RANGE_LOOP_ANALYSIS = YES;
				CLANG_WARN_STRICT_PROTOTYPES = YES;
				CLANG_WARN_SUSPICIOUS_MOVE = YES;
				CLANG_WARN_UNGUARDED_AVAILABILITY = YES_AGGRESSIVE;
				CLANG_WARN_UNREACHABLE_CODE = YES;
				CLANG_WARN__DUPLICATE_METHOD_MATCH = YES;
				COPY_PHASE_STRIP = NO;
				DEBUG_INFORMATION_FORMAT = dwarf;
				ENABLE_STRICT_OBJC_MSGSEND = YES;
				ENABLE_TESTABILITY = YES;
				GCC_C_LANGUAGE_STANDARD = gnu11;
				GCC_DYNAMIC_NO_PIC = NO;
				GCC_NO_COMMON_BLOCKS = YES;
				GCC_OPTIMIZATION_LEVEL = 0;
				GCC_PREPROCESSOR_DEFINITIONS = (
					"DEBUG=1",
					"$(inherited)",
				);
				GCC_WARN_64_TO_32_BIT_CONVERSION = YES;
				GCC_WARN_ABOUT_RETURN_TYPE = YES_ERROR;
				GCC_WARN_UNDECLARED_SELECTOR = YES;
				GCC_WARN_UNINITIALIZED_AUTOS = YES_AGGRESSIVE;
				GCC_WARN_UNUSED_FUNCTION = YES;
				GCC_WARN_UNUSED_VARIABLE = YES;
				IPHONEOS_DEPLOYMENT_TARGET = 16.2;
				MTL_ENABLE_DEBUG_INFO = INCLUDE_SOURCE;
				MTL_FAST_MATH = YES;
				ONLY_ACTIVE_ARCH = YES;
				SDKROOT = iphoneos;
				SWIFT_ACTIVE_COMPILATION_CONDITIONS = DEBUG;
				SWIFT_OPTIMIZATION_LEVEL = "-Onone";
			};
			name = Debug;
		};
		A4D32EFB2973A1FD00EF829A /* Release */ = {
			isa = XCBuildConfiguration;
			buildSettings = {
				ALWAYS_SEARCH_USER_PATHS = NO;
				CLANG_ANALYZER_NONNULL = YES;
				CLANG_ANALYZER_NUMBER_OBJECT_CONVERSION = YES_AGGRESSIVE;
				CLANG_CXX_LANGUAGE_STANDARD = "gnu++20";
				CLANG_ENABLE_MODULES = YES;
				CLANG_ENABLE_OBJC_ARC = YES;
				CLANG_ENABLE_OBJC_WEAK = YES;
				CLANG_WARN_BLOCK_CAPTURE_AUTORELEASING = YES;
				CLANG_WARN_BOOL_CONVERSION = YES;
				CLANG_WARN_COMMA = YES;
				CLANG_WARN_CONSTANT_CONVERSION = YES;
				CLANG_WARN_DEPRECATED_OBJC_IMPLEMENTATIONS = YES;
				CLANG_WARN_DIRECT_OBJC_ISA_USAGE = YES_ERROR;
				CLANG_WARN_DOCUMENTATION_COMMENTS = YES;
				CLANG_WARN_EMPTY_BODY = YES;
				CLANG_WARN_ENUM_CONVERSION = YES;
				CLANG_WARN_INFINITE_RECURSION = YES;
				CLANG_WARN_INT_CONVERSION = YES;
				CLANG_WARN_NON_LITERAL_NULL_CONVERSION = YES;
				CLANG_WARN_OBJC_IMPLICIT_RETAIN_SELF = YES;
				CLANG_WARN_OBJC_LITERAL_CONVERSION = YES;
				CLANG_WARN_OBJC_ROOT_CLASS = YES_ERROR;
				CLANG_WARN_QUOTED_INCLUDE_IN_FRAMEWORK_HEADER = YES;
				CLANG_WARN_RANGE_LOOP_ANALYSIS = YES;
				CLANG_WARN_STRICT_PROTOTYPES = YES;
				CLANG_WARN_SUSPICIOUS_MOVE = YES;
				CLANG_WARN_UNGUARDED_AVAILABILITY = YES_AGGRESSIVE;
				CLANG_WARN_UNREACHABLE_CODE = YES;
				CLANG_WARN__DUPLICATE_METHOD_MATCH = YES;
				COPY_PHASE_STRIP = NO;
				DEBUG_INFORMATION_FORMAT = "dwarf-with-dsym";
				ENABLE_NS_ASSERTIONS = NO;
				ENABLE_STRICT_OBJC_MSGSEND = YES;
				GCC_C_LANGUAGE_STANDARD = gnu11;
				GCC_NO_COMMON_BLOCKS = YES;
				GCC_WARN_64_TO_32_BIT_CONVERSION = YES;
				GCC_WARN_ABOUT_RETURN_TYPE = YES_ERROR;
				GCC_WARN_UNDECLARED_SELECTOR = YES;
				GCC_WARN_UNINITIALIZED_AUTOS = YES_AGGRESSIVE;
				GCC_WARN_UNUSED_FUNCTION = YES;
				GCC_WARN_UNUSED_VARIABLE = YES;
				IPHONEOS_DEPLOYMENT_TARGET = 16.2;
				MTL_ENABLE_DEBUG_INFO = NO;
				MTL_FAST_MATH = YES;
				SDKROOT = iphoneos;
				SWIFT_COMPILATION_MODE = wholemodule;
				SWIFT_OPTIMIZATION_LEVEL = "-O";
				VALIDATE_PRODUCT = YES;
			};
			name = Release;
		};
		A4D32EFD2973A1FD00EF829A /* Debug */ = {
			isa = XCBuildConfiguration;
			buildSettings = {
				ASSETCATALOG_COMPILER_APPICON_NAME = AppIcon;
				ASSETCATALOG_COMPILER_GLOBAL_ACCENT_COLOR_NAME = AccentColor;
				CODE_SIGN_STYLE = Automatic;
				CURRENT_PROJECT_VERSION = 1;
				DEVELOPMENT_ASSET_PATHS = "\"iosVolunteerApp/Preview Content\"";
				ENABLE_PREVIEWS = YES;
				GENERATE_INFOPLIST_FILE = YES;
				INFOPLIST_KEY_UIApplicationSceneManifest_Generation = YES;
				INFOPLIST_KEY_UIApplicationSupportsIndirectInputEvents = YES;
				INFOPLIST_KEY_UILaunchScreen_Generation = YES;
				INFOPLIST_KEY_UISupportedInterfaceOrientations_iPad = "UIInterfaceOrientationPortrait UIInterfaceOrientationPortraitUpsideDown UIInterfaceOrientationLandscapeLeft UIInterfaceOrientationLandscapeRight";
				INFOPLIST_KEY_UISupportedInterfaceOrientations_iPhone = "UIInterfaceOrientationPortrait UIInterfaceOrientationLandscapeLeft UIInterfaceOrientationLandscapeRight";
				LD_RUNPATH_SEARCH_PATHS = (
					"$(inherited)",
					"@executable_path/Frameworks",
				);
				MARKETING_VERSION = 1.0;
				PRODUCT_BUNDLE_IDENTIFIER = dev.sungary.iosVolunteerApp;
				PRODUCT_NAME = "$(TARGET_NAME)";
				SWIFT_EMIT_LOC_STRINGS = YES;
				SWIFT_VERSION = 5.0;
				TARGETED_DEVICE_FAMILY = "1,2";
			};
			name = Debug;
		};
		A4D32EFE2973A1FD00EF829A /* Release */ = {
			isa = XCBuildConfiguration;
			buildSettings = {
				ASSETCATALOG_COMPILER_APPICON_NAME = AppIcon;
				ASSETCATALOG_COMPILER_GLOBAL_ACCENT_COLOR_NAME = AccentColor;
				CODE_SIGN_STYLE = Automatic;
				CURRENT_PROJECT_VERSION = 1;
				DEVELOPMENT_ASSET_PATHS = "\"iosVolunteerApp/Preview Content\"";
				ENABLE_PREVIEWS = YES;
				GENERATE_INFOPLIST_FILE = YES;
				INFOPLIST_KEY_UIApplicationSceneManifest_Generation = YES;
				INFOPLIST_KEY_UIApplicationSupportsIndirectInputEvents = YES;
				INFOPLIST_KEY_UILaunchScreen_Generation = YES;
				INFOPLIST_KEY_UISupportedInterfaceOrientations_iPad = "UIInterfaceOrientationPortrait UIInterfaceOrientationPortraitUpsideDown UIInterfaceOrientationLandscapeLeft UIInterfaceOrientationLandscapeRight";
				INFOPLIST_KEY_UISupportedInterfaceOrientations_iPhone = "UIInterfaceOrientationPortrait UIInterfaceOrientationLandscapeLeft UIInterfaceOrientationLandscapeRight";
				LD_RUNPATH_SEARCH_PATHS = (
					"$(inherited)",
					"@executable_path/Frameworks",
				);
				MARKETING_VERSION = 1.0;
				PRODUCT_BUNDLE_IDENTIFIER = dev.sungary.iosVolunteerApp;
				PRODUCT_NAME = "$(TARGET_NAME)";
				SWIFT_EMIT_LOC_STRINGS = YES;
				SWIFT_VERSION = 5.0;
				TARGETED_DEVICE_FAMILY = "1,2";
			};
			name = Release;
		};
/* End XCBuildConfiguration section */

/* Begin XCConfigurationList section */
		A4D32EE92973A1F600EF829A /* Build configuration list for PBXProject "iosVolunteer" */ = {
			isa = XCConfigurationList;
			buildConfigurations = (
				A4D32EFA2973A1FD00EF829A /* Debug */,
				A4D32EFB2973A1FD00EF829A /* Release */,
			);
			defaultConfigurationIsVisible = 0;
			defaultConfigurationName = Release;
		};
		A4D32EFC2973A1FD00EF829A /* Build configuration list for PBXNativeTarget "iosVolunteer" */ = {
			isa = XCConfigurationList;
			buildConfigurations = (
				A4D32EFD2973A1FD00EF829A /* Debug */,
				A4D32EFE2973A1FD00EF829A /* Release */,
			);
			defaultConfigurationIsVisible = 0;
			defaultConfigurationName = Release;
		};
/* End XCConfigurationList section */

/* Begin XCRemoteSwiftPackageReference section */
		A4ED83CF297F7D8D00C4B860 /* XCRemoteSwiftPackageReference "firebase-ios-sdk" */ = {
			isa = XCRemoteSwiftPackageReference;
			repositoryURL = "https://github.com/firebase/firebase-ios-sdk";
			requirement = {
				branch = master;
				kind = branch;
			};
		};
/* End XCRemoteSwiftPackageReference section */

/* Begin XCSwiftPackageProductDependency section */
		A4ED83D0297F7D8D00C4B860 /* FirebaseAnalytics */ = {
			isa = XCSwiftPackageProductDependency;
			package = A4ED83CF297F7D8D00C4B860 /* XCRemoteSwiftPackageReference "firebase-ios-sdk" */;
			productName = FirebaseAnalytics;
		};
		A4ED83D2297F7D8D00C4B860 /* FirebaseAuth */ = {
			isa = XCSwiftPackageProductDependency;
			package = A4ED83CF297F7D8D00C4B860 /* XCRemoteSwiftPackageReference "firebase-ios-sdk" */;
			productName = FirebaseAuth;
		};
		A4ED83D4297F7D8D00C4B860 /* FirebaseFirestore */ = {
			isa = XCSwiftPackageProductDependency;
			package = A4ED83CF297F7D8D00C4B860 /* XCRemoteSwiftPackageReference "firebase-ios-sdk" */;
			productName = FirebaseFirestore;
		};
		A4ED83D6297F7D8D00C4B860 /* FirebaseStorage */ = {
			isa = XCSwiftPackageProductDependency;
			package = A4ED83CF297F7D8D00C4B860 /* XCRemoteSwiftPackageReference "firebase-ios-sdk" */;
			productName = FirebaseStorage;
		};
/* End XCSwiftPackageProductDependency section */
	};
	rootObject = A4D32EE62973A1F600EF829A /* Project object */;
}
